
Microsoft Visual Studio Solution File, Format Version 12.00
# Visual Studio Version 16
VisualStudioVersion = 16.0.29806.167
MinimumVisualStudioVersion = 10.0.40219.1
Project("{2150E333-8FDC-42A3-9474-1A3956D46DE8}") = "Api", "Api", "{38A628C1-3B87-4697-9EF3-3EBCB81D5905}"
EndProject
Project("{2150E333-8FDC-42A3-9474-1A3956D46DE8}") = "Domain", "Domain", "{6463997C-6AB3-4D47-B95A-04DF90AAC363}"
EndProject
Project("{9A19103F-16F7-4668-BE54-9A1E7A4F7556}") = "RF.Domain", "RF.Domain\RF.Domain.csproj", "{698C25DB-E8AE-44CD-9940-04E30EFC54BC}"
EndProject
Project("{2150E333-8FDC-42A3-9474-1A3956D46DE8}") = "Infrastructure", "Infrastructure", "{6A2B3CDF-FBC2-4E76-9295-8715F29E254C}"
EndProject
Project("{9A19103F-16F7-4668-BE54-9A1E7A4F7556}") = "RF.Infrastructure.Data", "RF.Infrastructure.Data\RF.Infrastructure.Data.csproj", "{944BE604-557A-4D97-9839-1C5F13CF10DD}"
EndProject
Project("{2150E333-8FDC-42A3-9474-1A3956D46DE8}") = "Tests", "Tests", "{668A1F38-5D66-477F-93BE-FEA38D0CDA88}"
EndProject
Project("{9A19103F-16F7-4668-BE54-9A1E7A4F7556}") = "RF.Domain.Interfaces", "RF.Domain.Interfaces\RF.Domain.Interfaces.csproj", "{81632BA7-EB2D-48EA-97A1-478A7383D121}"
EndProject
Project("{2150E333-8FDC-42A3-9474-1A3956D46DE8}") = "Application", "Application", "{7ECF3103-A7B3-4082-9171-90732A5BDD02}"
EndProject
Project("{9A19103F-16F7-4668-BE54-9A1E7A4F7556}") = "RF.WebApi", "RF.WebApi\RF.WebApi.csproj", "{5A84AEF1-D61E-464D-B233-991F9D90ACE8}"
EndProject
Project("{9A19103F-16F7-4668-BE54-9A1E7A4F7556}") = "RF.Infrastructure.Parser", "RF.Infrastructure.Parser\RF.Infrastructure.Parser.csproj", "{8009E201-05FB-4AAA-8FAF-F097E6E18486}"
EndProject
Project("{9092AA53-FB77-4645-B42D-1CCCA6BD08BD}") = "RF.WebApi.Client", "RF.WebApi.Client\RF.WebApi.Client.njsproj", "{BBF36085-72CE-45C8-8F5A-EDDC77ADA947}"
EndProject
Project("{9A19103F-16F7-4668-BE54-9A1E7A4F7556}") = "RF.UnitTests", "RF.UnitTests\RF.UnitTests.csproj", "{854A593F-ED50-48BF-B7F5-7A87F2FE0CFC}"
EndProject
Project("{2150E333-8FDC-42A3-9474-1A3956D46DE8}") = "Libraries", "Libraries", "{A239C0F1-A2D6-4A4E-B251-D714A4117525}"
EndProject
Project("{9A19103F-16F7-4668-BE54-9A1E7A4F7556}") = "RF.Library.LinqExtensions", "RF.Library.LinqExtensions\RF.Library.LinqExtensions.csproj", "{D04CBDEA-C53E-46FD-B05B-DDCE449B1A52}"
EndProject
Project("{9A19103F-16F7-4668-BE54-9A1E7A4F7556}") = "RF.Library.IO", "RF.Library.IO\RF.Library.IO.csproj", "{5C769491-D9E2-4145-9CBB-49C43DAAAE17}"
EndProject
Project("{9A19103F-16F7-4668-BE54-9A1E7A4F7556}") = "RF.Infrastructure.Configurations", "RF.Infrastructure.Configurations\RF.Infrastructure.Configurations.csproj", "{75C40213-6846-46A6-8E17-8A9B8AF07551}"
EndProject
Project("{2150E333-8FDC-42A3-9474-1A3956D46DE8}") = "Solution Items", "Solution Items", "{CF20B4B2-7635-4DC8-9A65-3DC27FF907B6}"
	ProjectSection(SolutionItems) = preProject
		bitbucket-pipelines.yml = bitbucket-pipelines.yml
		create-build-info.sh = create-build-info.sh
	EndProjectSection
EndProject
Project("{9A19103F-16F7-4668-BE54-9A1E7A4F7556}") = "RF.Library.Utils", "RF.Library.Utils\RF.Library.Utils.csproj", "{8AD79DDD-762A-46B2-8102-2A66ABBB24D4}"
EndProject
Project("{2150E333-8FDC-42A3-9474-1A3956D46DE8}") = "Database", "Database", "{E31720FC-FC5E-4E4C-A75F-246FDB3D905A}"
EndProject
Project("{9A19103F-16F7-4668-BE54-9A1E7A4F7556}") = "RF.Database.Migrations", "RF.Database.Migrations\RF.Database.Migrations.csproj", "{23CF6F0C-637B-409C-AE81-BA253F322FDE}"
EndProject
Project("{2150E333-8FDC-42A3-9474-1A3956D46DE8}") = "Core", "Core", "{D25ED58A-1EDC-4DD3-A14A-E757E8858EEF}"
EndProject
Project("{2150E333-8FDC-42A3-9474-1A3956D46DE8}") = "Shared", "Shared", "{0E5244C4-AC13-4F97-9C4B-5C7A31DF8CB9}"
	ProjectSection(SolutionItems) = preProject
		Shared\sharedSettings.json = Shared\sharedSettings.json
	EndProjectSection
EndProject
Project("{9A19103F-16F7-4668-BE54-9A1E7A4F7556}") = "RF.Application.Core", "RF.Application\RF.Application.Core.csproj", "{F5A1FEE6-7326-40AC-A9D3-BF2234139CB1}"
EndProject
Project("{2150E333-8FDC-42A3-9474-1A3956D46DE8}") = "Services", "Services", "{0A024CF2-FBA9-4F7E-9B89-04F6758AD42F}"
EndProject
Project("{9A19103F-16F7-4668-BE54-9A1E7A4F7556}") = "RF.Services.ETL", "RF.Services.ETL\RF.Services.ETL.csproj", "{23ABC9EB-B64F-4A7C-A062-8CE4B5F5147E}"
EndProject
Project("{9A19103F-16F7-4668-BE54-9A1E7A4F7556}") = "RF.Services.Interfaces", "RF.Services.Interfaces\RF.Services.Interfaces.csproj", "{574F5413-C301-4065-980E-CD22F7EB03ED}"
EndProject
Project("{9A19103F-16F7-4668-BE54-9A1E7A4F7556}") = "RF.Infrastructure.Bus", "RF.Infrastructure.Bus\RF.Infrastructure.Bus.csproj", "{41FED8DC-527D-43FD-81A6-30FA163188FB}"
EndProject
Project("{9A19103F-16F7-4668-BE54-9A1E7A4F7556}") = "RF.Library.ActionFilters", "RF.Library.ActionFilters\RF.Library.ActionFilters.csproj", "{E4D9591A-8BE4-4232-B7C9-2CF32E9DF9F0}"
EndProject
Project("{9A19103F-16F7-4668-BE54-9A1E7A4F7556}") = "RF.RoyaltiesManagerApi", "RF.RoyaltiesManagerApi\RF.RoyaltiesManagerApi.csproj", "{0D06F3C0-10B3-4EE0-A622-75F2E6D8DDE6}"
EndProject
Project("{9A19103F-16F7-4668-BE54-9A1E7A4F7556}") = "RF.Infrastructure.Logger", "RF.Infrastructure.Logger\RF.Infrastructure.Logger.csproj", "{9CF3E090-D3DF-4BB0-8A06-BC308F268124}"
EndProject
Global
	GlobalSection(SolutionConfigurationPlatforms) = preSolution
		Debug|Any CPU = Debug|Any CPU
		Release|Any CPU = Release|Any CPU
	EndGlobalSection
	GlobalSection(ProjectConfigurationPlatforms) = postSolution
		{698C25DB-E8AE-44CD-9940-04E30EFC54BC}.Debug|Any CPU.ActiveCfg = Debug|Any CPU
		{698C25DB-E8AE-44CD-9940-04E30EFC54BC}.Debug|Any CPU.Build.0 = Debug|Any CPU
		{698C25DB-E8AE-44CD-9940-04E30EFC54BC}.Release|Any CPU.ActiveCfg = Release|Any CPU
		{698C25DB-E8AE-44CD-9940-04E30EFC54BC}.Release|Any CPU.Build.0 = Release|Any CPU
		{944BE604-557A-4D97-9839-1C5F13CF10DD}.Debug|Any CPU.ActiveCfg = Debug|Any CPU
		{944BE604-557A-4D97-9839-1C5F13CF10DD}.Debug|Any CPU.Build.0 = Debug|Any CPU
		{944BE604-557A-4D97-9839-1C5F13CF10DD}.Release|Any CPU.ActiveCfg = Release|Any CPU
		{944BE604-557A-4D97-9839-1C5F13CF10DD}.Release|Any CPU.Build.0 = Release|Any CPU
		{81632BA7-EB2D-48EA-97A1-478A7383D121}.Debug|Any CPU.ActiveCfg = Debug|Any CPU
		{81632BA7-EB2D-48EA-97A1-478A7383D121}.Debug|Any CPU.Build.0 = Debug|Any CPU
		{81632BA7-EB2D-48EA-97A1-478A7383D121}.Release|Any CPU.ActiveCfg = Release|Any CPU
		{81632BA7-EB2D-48EA-97A1-478A7383D121}.Release|Any CPU.Build.0 = Release|Any CPU
		{5A84AEF1-D61E-464D-B233-991F9D90ACE8}.Debug|Any CPU.ActiveCfg = Debug|Any CPU
		{5A84AEF1-D61E-464D-B233-991F9D90ACE8}.Debug|Any CPU.Build.0 = Debug|Any CPU
		{5A84AEF1-D61E-464D-B233-991F9D90ACE8}.Release|Any CPU.ActiveCfg = Release|Any CPU
		{5A84AEF1-D61E-464D-B233-991F9D90ACE8}.Release|Any CPU.Build.0 = Release|Any CPU
		{8009E201-05FB-4AAA-8FAF-F097E6E18486}.Debug|Any CPU.ActiveCfg = Debug|Any CPU
		{8009E201-05FB-4AAA-8FAF-F097E6E18486}.Debug|Any CPU.Build.0 = Debug|Any CPU
		{8009E201-05FB-4AAA-8FAF-F097E6E18486}.Release|Any CPU.ActiveCfg = Release|Any CPU
		{8009E201-05FB-4AAA-8FAF-F097E6E18486}.Release|Any CPU.Build.0 = Release|Any CPU
		{BBF36085-72CE-45C8-8F5A-EDDC77ADA947}.Debug|Any CPU.ActiveCfg = Debug|Any CPU
		{BBF36085-72CE-45C8-8F5A-EDDC77ADA947}.Release|Any CPU.ActiveCfg = Release|Any CPU
		{BBF36085-72CE-45C8-8F5A-EDDC77ADA947}.Release|Any CPU.Build.0 = Release|Any CPU
		{854A593F-ED50-48BF-B7F5-7A87F2FE0CFC}.Debug|Any CPU.ActiveCfg = Debug|Any CPU
		{854A593F-ED50-48BF-B7F5-7A87F2FE0CFC}.Debug|Any CPU.Build.0 = Debug|Any CPU
		{854A593F-ED50-48BF-B7F5-7A87F2FE0CFC}.Release|Any CPU.ActiveCfg = Release|Any CPU
		{854A593F-ED50-48BF-B7F5-7A87F2FE0CFC}.Release|Any CPU.Build.0 = Release|Any CPU
		{D04CBDEA-C53E-46FD-B05B-DDCE449B1A52}.Debug|Any CPU.ActiveCfg = Debug|Any CPU
		{D04CBDEA-C53E-46FD-B05B-DDCE449B1A52}.Debug|Any CPU.Build.0 = Debug|Any CPU
		{D04CBDEA-C53E-46FD-B05B-DDCE449B1A52}.Release|Any CPU.ActiveCfg = Release|Any CPU
		{D04CBDEA-C53E-46FD-B05B-DDCE449B1A52}.Release|Any CPU.Build.0 = Release|Any CPU
		{5C769491-D9E2-4145-9CBB-49C43DAAAE17}.Debug|Any CPU.ActiveCfg = Debug|Any CPU
		{5C769491-D9E2-4145-9CBB-49C43DAAAE17}.Debug|Any CPU.Build.0 = Debug|Any CPU
		{5C769491-D9E2-4145-9CBB-49C43DAAAE17}.Release|Any CPU.ActiveCfg = Release|Any CPU
		{5C769491-D9E2-4145-9CBB-49C43DAAAE17}.Release|Any CPU.Build.0 = Release|Any CPU
		{75C40213-6846-46A6-8E17-8A9B8AF07551}.Debug|Any CPU.ActiveCfg = Debug|Any CPU
		{75C40213-6846-46A6-8E17-8A9B8AF07551}.Debug|Any CPU.Build.0 = Debug|Any CPU
		{75C40213-6846-46A6-8E17-8A9B8AF07551}.Release|Any CPU.ActiveCfg = Release|Any CPU
		{75C40213-6846-46A6-8E17-8A9B8AF07551}.Release|Any CPU.Build.0 = Release|Any CPU
		{8AD79DDD-762A-46B2-8102-2A66ABBB24D4}.Debug|Any CPU.ActiveCfg = Debug|Any CPU
		{8AD79DDD-762A-46B2-8102-2A66ABBB24D4}.Debug|Any CPU.Build.0 = Debug|Any CPU
		{8AD79DDD-762A-46B2-8102-2A66ABBB24D4}.Release|Any CPU.ActiveCfg = Release|Any CPU
		{8AD79DDD-762A-46B2-8102-2A66ABBB24D4}.Release|Any CPU.Build.0 = Release|Any CPU
		{23CF6F0C-637B-409C-AE81-BA253F322FDE}.Debug|Any CPU.ActiveCfg = Debug|Any CPU
		{23CF6F0C-637B-409C-AE81-BA253F322FDE}.Debug|Any CPU.Build.0 = Debug|Any CPU
		{23CF6F0C-637B-409C-AE81-BA253F322FDE}.Release|Any CPU.ActiveCfg = Release|Any CPU
		{23CF6F0C-637B-409C-AE81-BA253F322FDE}.Release|Any CPU.Build.0 = Release|Any CPU
		{F5A1FEE6-7326-40AC-A9D3-BF2234139CB1}.Debug|Any CPU.ActiveCfg = Debug|Any CPU
		{F5A1FEE6-7326-40AC-A9D3-BF2234139CB1}.Debug|Any CPU.Build.0 = Debug|Any CPU
		{F5A1FEE6-7326-40AC-A9D3-BF2234139CB1}.Release|Any CPU.ActiveCfg = Release|Any CPU
		{F5A1FEE6-7326-40AC-A9D3-BF2234139CB1}.Release|Any CPU.Build.0 = Release|Any CPU
		{23ABC9EB-B64F-4A7C-A062-8CE4B5F5147E}.Debug|Any CPU.ActiveCfg = Debug|Any CPU
		{23ABC9EB-B64F-4A7C-A062-8CE4B5F5147E}.Debug|Any CPU.Build.0 = Debug|Any CPU
		{23ABC9EB-B64F-4A7C-A062-8CE4B5F5147E}.Release|Any CPU.ActiveCfg = Release|Any CPU
		{23ABC9EB-B64F-4A7C-A062-8CE4B5F5147E}.Release|Any CPU.Build.0 = Release|Any CPU
		{574F5413-C301-4065-980E-CD22F7EB03ED}.Debug|Any CPU.ActiveCfg = Debug|Any CPU
		{574F5413-C301-4065-980E-CD22F7EB03ED}.Debug|Any CPU.Build.0 = Debug|Any CPU
		{574F5413-C301-4065-980E-CD22F7EB03ED}.Release|Any CPU.ActiveCfg = Release|Any CPU
		{574F5413-C301-4065-980E-CD22F7EB03ED}.Release|Any CPU.Build.0 = Release|Any CPU
		{41FED8DC-527D-43FD-81A6-30FA163188FB}.Debug|Any CPU.ActiveCfg = Debug|Any CPU
		{41FED8DC-527D-43FD-81A6-30FA163188FB}.Debug|Any CPU.Build.0 = Debug|Any CPU
		{41FED8DC-527D-43FD-81A6-30FA163188FB}.Release|Any CPU.ActiveCfg = Release|Any CPU
		{41FED8DC-527D-43FD-81A6-30FA163188FB}.Release|Any CPU.Build.0 = Release|Any CPU
		{E4D9591A-8BE4-4232-B7C9-2CF32E9DF9F0}.Debug|Any CPU.ActiveCfg = Debug|Any CPU
		{E4D9591A-8BE4-4232-B7C9-2CF32E9DF9F0}.Debug|Any CPU.Build.0 = Debug|Any CPU
		{E4D9591A-8BE4-4232-B7C9-2CF32E9DF9F0}.Release|Any CPU.ActiveCfg = Release|Any CPU
		{E4D9591A-8BE4-4232-B7C9-2CF32E9DF9F0}.Release|Any CPU.Build.0 = Release|Any CPU
		{0D06F3C0-10B3-4EE0-A622-75F2E6D8DDE6}.Debug|Any CPU.ActiveCfg = Debug|Any CPU
		{0D06F3C0-10B3-4EE0-A622-75F2E6D8DDE6}.Debug|Any CPU.Build.0 = Debug|Any CPU
		{0D06F3C0-10B3-4EE0-A622-75F2E6D8DDE6}.Release|Any CPU.ActiveCfg = Release|Any CPU
		{0D06F3C0-10B3-4EE0-A622-75F2E6D8DDE6}.Release|Any CPU.Build.0 = Release|Any CPU
		{9CF3E090-D3DF-4BB0-8A06-BC308F268124}.Debug|Any CPU.ActiveCfg = Debug|Any CPU
		{9CF3E090-D3DF-4BB0-8A06-BC308F268124}.Debug|Any CPU.Build.0 = Debug|Any CPU
		{9CF3E090-D3DF-4BB0-8A06-BC308F268124}.Release|Any CPU.ActiveCfg = Release|Any CPU
		{9CF3E090-D3DF-4BB0-8A06-BC308F268124}.Release|Any CPU.Build.0 = Release|Any CPU
	EndGlobalSection
	GlobalSection(SolutionProperties) = preSolution
		HideSolutionNode = FALSE
	EndGlobalSection
	GlobalSection(NestedProjects) = preSolution
		{6463997C-6AB3-4D47-B95A-04DF90AAC363} = {D25ED58A-1EDC-4DD3-A14A-E757E8858EEF}
		{698C25DB-E8AE-44CD-9940-04E30EFC54BC} = {6463997C-6AB3-4D47-B95A-04DF90AAC363}
		{944BE604-557A-4D97-9839-1C5F13CF10DD} = {6A2B3CDF-FBC2-4E76-9295-8715F29E254C}
		{81632BA7-EB2D-48EA-97A1-478A7383D121} = {6463997C-6AB3-4D47-B95A-04DF90AAC363}
		{7ECF3103-A7B3-4082-9171-90732A5BDD02} = {D25ED58A-1EDC-4DD3-A14A-E757E8858EEF}
		{5A84AEF1-D61E-464D-B233-991F9D90ACE8} = {38A628C1-3B87-4697-9EF3-3EBCB81D5905}
		{8009E201-05FB-4AAA-8FAF-F097E6E18486} = {6A2B3CDF-FBC2-4E76-9295-8715F29E254C}
		{BBF36085-72CE-45C8-8F5A-EDDC77ADA947} = {38A628C1-3B87-4697-9EF3-3EBCB81D5905}
		{854A593F-ED50-48BF-B7F5-7A87F2FE0CFC} = {668A1F38-5D66-477F-93BE-FEA38D0CDA88}
		{D04CBDEA-C53E-46FD-B05B-DDCE449B1A52} = {A239C0F1-A2D6-4A4E-B251-D714A4117525}
		{5C769491-D9E2-4145-9CBB-49C43DAAAE17} = {A239C0F1-A2D6-4A4E-B251-D714A4117525}
		{75C40213-6846-46A6-8E17-8A9B8AF07551} = {6A2B3CDF-FBC2-4E76-9295-8715F29E254C}
		{8AD79DDD-762A-46B2-8102-2A66ABBB24D4} = {A239C0F1-A2D6-4A4E-B251-D714A4117525}
		{23CF6F0C-637B-409C-AE81-BA253F322FDE} = {E31720FC-FC5E-4E4C-A75F-246FDB3D905A}
		{F5A1FEE6-7326-40AC-A9D3-BF2234139CB1} = {7ECF3103-A7B3-4082-9171-90732A5BDD02}
		{23ABC9EB-B64F-4A7C-A062-8CE4B5F5147E} = {0A024CF2-FBA9-4F7E-9B89-04F6758AD42F}
		{574F5413-C301-4065-980E-CD22F7EB03ED} = {0A024CF2-FBA9-4F7E-9B89-04F6758AD42F}
		{41FED8DC-527D-43FD-81A6-30FA163188FB} = {6A2B3CDF-FBC2-4E76-9295-8715F29E254C}
		{E4D9591A-8BE4-4232-B7C9-2CF32E9DF9F0} = {A239C0F1-A2D6-4A4E-B251-D714A4117525}
		{0D06F3C0-10B3-4EE0-A622-75F2E6D8DDE6} = {38A628C1-3B87-4697-9EF3-3EBCB81D5905}
		{9CF3E090-D3DF-4BB0-8A06-BC308F268124} = {6A2B3CDF-FBC2-4E76-9295-8715F29E254C}
	EndGlobalSection
	GlobalSection(ExtensibilityGlobals) = postSolution
		SolutionGuid = {2E7BA8A5-E3FF-42ED-B206-6486EE3FE9EC}
	EndGlobalSection
EndGlobal
